// !$*UTF8*$!
{
	archiveVersion = 1;
	classes = {
	};
	objectVersion = 50;
	objects = {

/* Begin PBXBuildFile section */
		2872B12320934A96007F5967 /* AppDelegate.m in Sources */ = {isa = PBXBuildFile; fileRef = 2872B12220934A96007F5967 /* AppDelegate.m */; };
		2872B12620934A96007F5967 /* ViewController.m in Sources */ = {isa = PBXBuildFile; fileRef = 2872B12520934A96007F5967 /* ViewController.m */; };
		2872B12920934A96007F5967 /* Main.storyboard in Resources */ = {isa = PBXBuildFile; fileRef = 2872B12720934A96007F5967 /* Main.storyboard */; };
		2872B12B20934A97007F5967 /* Assets.xcassets in Resources */ = {isa = PBXBuildFile; fileRef = 2872B12A20934A97007F5967 /* Assets.xcassets */; };
		2872B12E20934A97007F5967 /* LaunchScreen.storyboard in Resources */ = {isa = PBXBuildFile; fileRef = 2872B12C20934A97007F5967 /* LaunchScreen.storyboard */; };
		2872B13120934A97007F5967 /* main.m in Sources */ = {isa = PBXBuildFile; fileRef = 2872B13020934A97007F5967 /* main.m */; };
		2872B13920934ACA007F5967 /* CollectionViewCell.m in Sources */ = {isa = PBXBuildFile; fileRef = 2872B13820934ACA007F5967 /* CollectionViewCell.m */; };
/* End PBXBuildFile section */

/* Begin PBXFileReference section */
		2872B11E20934A96007F5967 /* CollectionViewReorder.app */ = {isa = PBXFileReference; explicitFileType = wrapper.application; includeInIndex = 0; path = CollectionViewReorder.app; sourceTree = BUILT_PRODUCTS_DIR; };
		2872B12120934A96007F5967 /* AppDelegate.h */ = {isa = PBXFileReference; lastKnownFileType = sourcecode.c.h; path = AppDelegate.h; sourceTree = "<group>"; };
		2872B12220934A96007F5967 /* AppDelegate.m */ = {isa = PBXFileReference; lastKnownFileType = sourcecode.c.objc; path = AppDelegate.m; sourceTree = "<group>"; };
		2872B12420934A96007F5967 /* ViewController.h */ = {isa = PBXFileReference; lastKnownFileType = sourcecode.c.h; path = ViewController.h; sourceTree = "<group>"; };
		2872B12520934A96007F5967 /* ViewController.m */ = {isa = PBXFileReference; lastKnownFileType = sourcecode.c.objc; path = ViewController.m; sourceTree = "<group>"; };
		2872B12820934A96007F5967 /* Base */ = {isa = PBXFileReference; lastKnownFileType = file.storyboard; name = Base; path = Base.lproj/Main.storyboard; sourceTree = "<group>"; };
		2872B12A20934A97007F5967 /* Assets.xcassets */ = {isa = PBXFileReference; lastKnownFileType = folder.assetcatalog; path = Assets.xcassets; sourceTree = "<group>"; };
		2872B12D20934A97007F5967 /* Base */ = {isa = PBXFileReference; lastKnownFileType = file.storyboard; name = Base; path = Base.lproj/LaunchScreen.storyboard; sourceTree = "<group>"; };
		2872B12F20934A97007F5967 /* Info.plist */ = {isa = PBXFileReference; lastKnownFileType = text.plist.xml; path = Info.plist; sourceTree = "<group>"; };
		2872B13020934A97007F5967 /* main.m */ = {isa = PBXFileReference; lastKnownFileType = sourcecode.c.objc; path = main.m; sourceTree = "<group>"; };
		2872B13720934ACA007F5967 /* CollectionViewCell.h */ = {isa = PBXFileReference; lastKnownFileType = sourcecode.c.h; path = CollectionViewCell.h; sourceTree = "<group>"; };
		2872B13820934ACA007F5967 /* CollectionViewCell.m */ = {isa = PBXFileReference; lastKnownFileType = sourcecode.c.objc; path = CollectionViewCell.m; sourceTree = "<group>"; };
/* End PBXFileReference section */

/* Begin PBXFrameworksBuildPhase section */
		2872B11B20934A96007F5967 /* Frameworks */ = {
			isa = PBXFrameworksBuildPhase;
			buildActionMask = 2147483647;
			files = (
			);
			runOnlyForDeploymentPostprocessing = 0;
		};
/* End PBXFrameworksBuildPhase section */

/* Begin PBXGroup section */
		2872B11520934A96007F5967 = {
			isa = PBXGroup;
			children = (
				2872B12020934A96007F5967 /* CollectionViewReorder */,
				2872B11F20934A96007F5967 /* Products */,
			);
			sourceTree = "<group>";
		};
		2872B11F20934A96007F5967 /* Products */ = {
			isa = PBXGroup;
			children = (
				2872B11E20934A96007F5967 /* CollectionViewReorder.app */,
			);
			name = Products;
			sourceTree = "<group>";
		};
		2872B12020934A96007F5967 /* CollectionViewReorder */ = {
			isa = PBXGroup;
			children = (
				2872B12120934A96007F5967 /* AppDelegate.h */,
				2872B12220934A96007F5967 /* AppDelegate.m */,
				2872B12420934A96007F5967 /* ViewController.h */,
				2872B12520934A96007F5967 /* ViewController.m */,
				2872B12720934A96007F5967 /* Main.storyboard */,
				2872B12A20934A97007F5967 /* Assets.xcassets */,
				2872B12C20934A97007F5967 /* LaunchScreen.storyboard */,
				2872B12F20934A97007F5967 /* Info.plist */,
				2872B13020934A97007F5967 /* main.m */,
				2872B13720934ACA007F5967 /* CollectionViewCell.h */,
				2872B13820934ACA007F5967 /* CollectionViewCell.m */,
			);
			path = CollectionViewReorder;
			sourceTree = "<group>";
		};
/* End PBXGroup section */

/* Begin PBXNativeTarget section */
		2872B11D20934A96007F5967 /* CollectionViewReorder */ = {
			isa = PBXNativeTarget;
			buildConfigurationList = 2872B13420934A97007F5967 /* Build configuration list for PBXNativeTarget "CollectionViewReorder" */;
			buildPhases = (
				2872B11A20934A96007F5967 /* Sources */,
				2872B11B20934A96007F5967 /* Frameworks */,
				2872B11C20934A96007F5967 /* Resources */,
			);
			buildRules = (
			);
			dependencies = (
			);
			name = CollectionViewReorder;
			productName = CollectionViewReorder;
			productReference = 2872B11E20934A96007F5967 /* CollectionViewReorder.app */;
			productType = "com.apple.product-type.application";
		};
/* End PBXNativeTarget section */

/* Begin PBXProject section */
		2872B11620934A96007F5967 /* Project object */ = {
			isa = PBXProject;
			attributes = {
				LastUpgradeCheck = 0930;
				ORGANIZATIONNAME = jft0m;
				TargetAttributes = {
					2872B11D20934A96007F5967 = {
						CreatedOnToolsVersion = 9.3;
					};
				};
			};
			buildConfigurationList = 2872B11920934A96007F5967 /* Build configuration list for PBXProject "CollectionViewReorder" */;
			compatibilityVersion = "Xcode 9.3";
			developmentRegion = en;
			hasScannedForEncodings = 0;
			knownRegions = (
				en,
				Base,
			);
			mainGroup = 2872B11520934A96007F5967;
			productRefGroup = 2872B11F20934A96007F5967 /* Products */;
			projectDirPath = "";
			projectRoot = "";
			targets = (
				2872B11D20934A96007F5967 /* CollectionViewReorder */,
			);
		};
/* End PBXProject section */

/* Begin PBXResourcesBuildPhase section */
		2872B11C20934A96007F5967 /* Resources */ = {
			isa = PBXResourcesBuildPhase;
			buildActionMask = 2147483647;
			files = (
				2872B12E20934A97007F5967 /* LaunchScreen.storyboard in Resources */,
				2872B12B20934A97007F5967 /* Assets.xcassets in Resources */,
				2872B12920934A96007F5967 /* Main.storyboard in Resources */,
			);
			runOnlyForDeploymentPostprocessing = 0;
		};
/* End PBXResourcesBuildPhase section */

/* Begin PBXSourcesBuildPhase section */
		2872B11A20934A96007F5967 /* Sources */ = {
			isa = PBXSourcesBuildPhase;
			buildActionMask = 2147483647;
			files = (
				2872B12620934A96007F5967 /* ViewController.m in Sources */,
				2872B13120934A97007F5967 /* main.m in Sources */,
				2872B13920934ACA007F5967 /* CollectionViewCell.m in Sources */,
				2872B12320934A96007F5967 /* AppDelegate.m in Sources */,
			);
			runOnlyForDeploymentPostprocessing = 0;
		};
/* End PBXSourcesBuildPhase section */

/* Begin PBXVariantGroup section */
		2872B12720934A96007F5967 /* Main.storyboard */ = {
			isa = PBXVariantGroup;
			children = (
				2872B12820934A96007F5967 /* Base */,
			);
			name = Main.storyboard;
			sourceTree = "<group>";
		};
		2872B12C20934A97007F5967 /* LaunchScreen.storyboard */ = {
			isa = PBXVariantGroup;
			children = (
				2872B12D20934A97007F5967 /* Base */,
			);
			name = LaunchScreen.storyboard;
			sourceTree = "<group>";
		};
/* End PBXVariantGroup section */

/* Begin XCBuildConfiguration section */
		2872B13220934A97007F5967 /* Debug */ = {
			isa = XCBuildConfiguration;
			buildSettings = {
				ALWAYS_SEARCH_USER_PATHS = NO;
				CLANG_ANALYZER_NONNULL = YES;
				CLANG_ANALYZER_NUMBER_OBJECT_CONVERSION = YES_AGGRESSIVE;
				CLANG_CXX_LANGUAGE_STANDARD = "gnu++14";
				CLANG_CXX_LIBRARY = "libc++";
				CLANG_ENABLE_MODULES = YES;
				CLANG_ENABLE_OBJC_ARC = YES;
				CLANG_ENABLE_OBJC_WEAK = YES;
				CLANG_WARN_BLOCK_CAPTURE_AUTORELEASING = YES;
				CLANG_WARN_BOOL_CONVERSION = YES;
				CLANG_WARN_COMMA = YES;
				CLANG_WARN_CONSTANT_CONVERSION = YES;
				CLANG_WARN_DEPRECATED_OBJC_IMPLEMENTATIONS = YES;
				CLANG_WARN_DIRECT_OBJC_ISA_USAGE = YES_ERROR;
				CLANG_WARN_DOCUMENTATION_COMMENTS = YES;
				CLANG_WARN_EMPTY_BODY = YES;
				CLANG_WARN_ENUM_CONVERSION = YES;
				CLANG_WARN_INFINITE_RECURSION = YES;
				CLANG_WARN_INT_CONVERSION = YES;
				CLANG_WARN_NON_LITERAL_NULL_CONVERSION = YES;
				CLANG_WARN_OBJC_IMPLICIT_RETAIN_SELF = YES;
				CLANG_WARN_OBJC_LITERAL_CONVERSION = YES;
				CLANG_WARN_OBJC_ROOT_CLASS = YES_ERROR;
				CLANG_WARN_RANGE_LOOP_ANALYSIS = YES;
				CLANG_WARN_STRICT_PROTOTYPES = YES;
				CLANG_WARN_SUSPICIOUS_MOVE = YES;
				CLANG_WARN_UNGUARDED_AVAILABILITY = YES_AGGRESSIVE;
				CLANG_WARN_UNREACHABLE_CODE = YES;
				CLANG_WARN__DUPLICATE_METHOD_MATCH = YES;
				CODE_SIGN_IDENTITY = "iPhone Developer";
				COPY_PHASE_STRIP = NO;
				DEBUG_INFORMATION_FORMAT = dwarf;
				ENABLE_STRICT_OBJC_MSGSEND = YES;
				ENABLE_TESTABILITY = YES;
				GCC_C_LANGUAGE_STANDARD = gnu11;
				GCC_DYNAMIC_NO_PIC = NO;
				GCC_NO_COMMON_BLOCKS = YES;
				GCC_OPTIMIZATION_LEVEL = 0;
				GCC_PREPROCESSOR_DEFINITIONS = (
					"DEBUG=1",
					"$(inherited)",
				);
				GCC_WARN_64_TO_32_BIT_CONVERSION = YES;
				GCC_WARN_ABOUT_RETURN_TYPE = YES_ERROR;
				GCC_WARN_UNDECLARED_SELECTOR = YES;
				GCC_WARN_UNINITIALIZED_AUTOS = YES_AGGRESSIVE;
				GCC_WARN_UNUSED_FUNCTION = YES;
				GCC_WARN_UNUSED_VARIABLE = YES;
				IPHONEOS_DEPLOYMENT_TARGET = 11.3;
				MTL_ENABLE_DEBUG_INFO = YES;
				ONLY_ACTIVE_ARCH = YES;
				SDKROOT = iphoneos;
			};
			name = Debug;
		};
		2872B13320934A97007F5967 /* Release */ = {
			isa = XCBuildConfiguration;
			buildSettings = {
				ALWAYS_SEARCH_USER_PATHS = NO;
				CLANG_ANALYZER_NONNULL = YES;
				CLANG_ANALYZER_NUMBER_OBJECT_CONVERSION = YES_AGGRESSIVE;
				CLANG_CXX_LANGUAGE_STANDARD = "gnu++14";
				CLANG_CXX_LIBRARY = "libc++";
				CLANG_ENABLE_MODULES = YES;
				CLANG_ENABLE_OBJC_ARC = YES;
				CLANG_ENABLE_OBJC_WEAK = YES;
				CLANG_WARN_BLOCK_CAPTURE_AUTORELEASING = YES;
				CLANG_WARN_BOOL_CONVERSION = YES;
				CLANG_WARN_COMMA = YES;
				CLANG_WARN_CONSTANT_CONVERSION = YES;
				CLANG_WARN_DEPRECATED_OBJC_IMPLEMENTATIONS = YES;
				CLANG_WARN_DIRECT_OBJC_ISA_USAGE = YES_ERROR;
				CLANG_WARN_DOCUMENTATION_COMMENTS = YES;
				CLANG_WARN_EMPTY_BODY = YES;
				CLANG_WARN_ENUM_CONVERSION = YES;
				CLANG_WARN_INFINITE_RECURSION = YES;
				CLANG_WARN_INT_CONVERSION = YES;
				CLANG_WARN_NON_LITERAL_NULL_CONVERSION = YES;
				CLANG_WARN_OBJC_IMPLICIT_RETAIN_SELF = YES;
				CLANG_WARN_OBJC_LITERAL_CONVERSION = YES;
				CLANG_WARN_OBJC_ROOT_CLASS = YES_ERROR;
				CLANG_WARN_RANGE_LOOP_ANALYSIS = YES;
				CLANG_WARN_STRICT_PROTOTYPES = YES;
				CLANG_WARN_SUSPICIOUS_MOVE = YES;
				CLANG_WARN_UNGUARDED_AVAILABILITY = YES_AGGRESSIVE;
				CLANG_WARN_UNREACHABLE_CODE = YES;
				CLANG_WARN__DUPLICATE_METHOD_MATCH = YES;
				CODE_SIGN_IDENTITY = "iPhone Developer";
				COPY_PHASE_STRIP = NO;
				DEBUG_INFORMATION_FORMAT = "dwarf-with-dsym";
				ENABLE_NS_ASSERTIONS = NO;
				ENABLE_STRICT_OBJC_MSGSEND = YES;
				GCC_C_LANGUAGE_STANDARD = gnu11;
				GCC_NO_COMMON_BLOCKS = YES;
				GCC_WARN_64_TO_32_BIT_CONVERSION = YES;
				GCC_WARN_ABOUT_RETURN_TYPE = YES_ERROR;
				GCC_WARN_UNDECLARED_SELECTOR = YES;
				GCC_WARN_UNINITIALIZED_AUTOS = YES_AGGRESSIVE;
				GCC_WARN_UNUSED_FUNCTION = YES;
				GCC_WARN_UNUSED_VARIABLE = YES;
				IPHONEOS_DEPLOYMENT_TARGET = 11.3;
				MTL_ENABLE_DEBUG_INFO = NO;
				SDKROOT = iphoneos;
				VALIDATE_PRODUCT = YES;
			};
			name = Release;
		};
		2872B13520934A97007F5967 /* Debug */ = {
			isa = XCBuildConfiguration;
			buildSettings = {
				ASSETCATALOG_COMPILER_APPICON_NAME = AppIcon;
				CODE_SIGN_STYLE = Automatic;
				INFOPLIST_FILE = CollectionViewReorder/Info.plist;
				LD_RUNPATH_SEARCH_PATHS = (
					"$(inherited)",
					"@executable_path/Frameworks",
				);
				PRODUCT_BUNDLE_IDENTIFIER = dsakjdhask.CollectionViewReorder;
				PRODUCT_NAME = "$(TARGET_NAME)";
				TARGETED_DEVICE_FAMILY = "1,2";
			};
			name = Debug;
		};
		2872B13620934A97007F5967 /* Release */ = {
			isa = XCBuildConfiguration;
			buildSettings = {
				ASSETCATALOG_COMPILER_APPICON_NAME = AppIcon;
				CODE_SIGN_STYLE = Automatic;
				INFOPLIST_FILE = CollectionViewReorder/Info.plist;
				LD_RUNPATH_SEARCH_PATHS = (
					"$(inherited)",
					"@executable_path/Frameworks",
				);
				PRODUCT_BUNDLE_IDENTIFIER = dsakjdhask.CollectionViewReorder;
				PRODUCT_NAME = "$(TARGET_NAME)";
				TARGETED_DEVICE_FAMILY = "1,2";
			};
			name = Release;
		};
/* End XCBuildConfiguration section */

/* Begin XCConfigurationList section */
		2872B11920934A96007F5967 /* Build configuration list for PBXProject "CollectionViewReorder" */ = {
			isa = XCConfigurationList;
			buildConfigurations = (
				2872B13220934A97007F5967 /* Debug */,
				2872B13320934A97007F5967 /* Release */,
			);
			defaultConfigurationIsVisible = 0;
			defaultConfigurationName = Release;
		};
		2872B13420934A97007F5967 /* Build configuration list for PBXNativeTarget "CollectionViewReorder" */ = {
			isa = XCConfigurationList;
			buildConfigurations = (
				2872B13520934A97007F5967 /* Debug */,
				2872B13620934A97007F5967 /* Release */,
			);
			defaultConfigurationIsVisible = 0;
			defaultConfigurationName = Release;
		};
/* End XCConfigurationList section */
	};
	rootObject = 2872B11620934A96007F5967 /* Project object */;
}
